<?xml version="1.0" encoding="utf-8"?>
<Project ToolsVersion="4.0" xmlns="http://schemas.microsoft.com/developer/msbuild/2003">
  <ItemGroup>
    <Filter Include="源文件">
      <UniqueIdentifier>{4FC737F1-C7A5-4376-A066-2A32D752A2FF}</UniqueIdentifier>
      <Extensions>cpp;c;cc;cxx;def;odl;idl;hpj;bat;asm;asmx</Extensions>
    </Filter>
    <Filter Include="头文件">
      <UniqueIdentifier>{93995380-89BD-4b04-88EB-625FBE52EBFB}</UniqueIdentifier>
      <Extensions>h;hpp;hxx;hm;inl;inc;xsd</Extensions>
    </Filter>
    <Filter Include="资源文件">
      <UniqueIdentifier>{67DA6AB6-F800-4c08-8B7A-83BB121AAD01}</UniqueIdentifier>
      <Extensions>rc;ico;cur;bmp;dlg;rc2;rct;bin;rgs;gif;jpg;jpeg;jpe;resx;tiff;tif;png;wav;mfcribbon-ms</Extensions>
    </Filter>
  </ItemGroup>
  <ItemGroup>
    <ClCompile Include="main.cpp">
      <Filter>源文件</Filter>
    </ClCompile>
    <ClCompile Include="DS14_3D_Audio.cpp">
      <Filter>源文件</Filter>
    </ClCompile>
    <ClCompile Include="DS14_3D_Input.cpp">
      <Filter>源文件</Filter>
    </ClCompile>
    <ClCompile Include="DS14_3D_Timer.cpp">
      <Filter>源文件</Filter>
    </ClCompile>
    <ClCompile Include="DS14_3D_Config.cpp">
      <Filter>源文件</Filter>
    </ClCompile>
    <ClCompile Include="DS14_3D.cpp">
      <Filter>源文件</Filter>
    </ClCompile>
    <ClCompile Include="DS14_3D_Graph.cpp">
      <Filter>源文件</Filter>
    </ClCompile>
    <ClCompile Include="3DS.CPP">
      <Filter>源文件</Filter>
    </ClCompile>
    <ClCompile Include="g3dCamera.cpp">
      <Filter>源文件</Filter>
    </ClCompile>
    <ClCompile Include="g3dColorValue.cpp">
      <Filter>源文件</Filter>
    </ClCompile>
    <ClCompile Include="g3dDegRad.cpp">
      <Filter>源文件</Filter>
    </ClCompile>
    <ClCompile Include="g3dLight.cpp">
      <Filter>源文件</Filter>
    </ClCompile>
    <ClCompile Include="g3dLightWrapper.cpp">
      <Filter>源文件</Filter>
    </ClCompile>
    <ClCompile Include="g3dMesh.cpp">
      <Filter>源文件</Filter>
    </ClCompile>
    <ClCompile Include="g3dModel.cpp">
      <Filter>源文件</Filter>
    </ClCompile>
    <ClCompile Include="g3dQuaternion.cpp">
      <Filter>源文件</Filter>
    </ClCompile>
    <ClCompile Include="g3dRenderSystem.cpp">
      <Filter>源文件</Filter>
    </ClCompile>
    <ClCompile Include="g3dRenderWindow.cpp">
      <Filter>源文件</Filter>
    </ClCompile>
    <ClCompile Include="g3dSceneManager.cpp">
      <Filter>源文件</Filter>
    </ClCompile>
    <ClCompile Include="g3dSceneNode.cpp">
      <Filter>源文件</Filter>
    </ClCompile>
    <ClCompile Include="g3dSubMesh.cpp">
      <Filter>源文件</Filter>
    </ClCompile>
    <ClCompile Include="g3dVector3.cpp">
      <Filter>源文件</Filter>
    </ClCompile>
    <ClCompile Include="g3dViewport.cpp">
      <Filter>源文件</Filter>
    </ClCompile>
  </ItemGroup>
  <ItemGroup>
    <ClInclude Include="DS14_3D.h">
      <Filter>头文件</Filter>
    </ClInclude>
    <ClInclude Include="DS14_3D_Audio.h">
      <Filter>头文件</Filter>
    </ClInclude>
    <ClInclude Include="DS14_3D_Input.h">
      <Filter>头文件</Filter>
    </ClInclude>
    <ClInclude Include="DS14_3D_Timer.h">
      <Filter>头文件</Filter>
    </ClInclude>
    <ClInclude Include="DS14_3D_Config.h">
      <Filter>头文件</Filter>
    </ClInclude>
    <ClInclude Include="DS14_3D_DataStructure.h">
      <Filter>头文件</Filter>
    </ClInclude>
    <ClInclude Include="DS14_3D_Graph.h">
      <Filter>头文件</Filter>
    </ClInclude>
    <ClInclude Include="3DS.H">
      <Filter>头文件</Filter>
    </ClInclude>
    <ClInclude Include="g3dBasicHeader.h">
      <Filter>头文件</Filter>
    </ClInclude>
    <ClInclude Include="g3dCamera.h">
      <Filter>头文件</Filter>
    </ClInclude>
    <ClInclude Include="g3dColorValue.h">
      <Filter>头文件</Filter>
    </ClInclude>
    <ClInclude Include="g3dDegRad.h">
      <Filter>头文件</Filter>
    </ClInclude>
    <ClInclude Include="g3dLight.h">
      <Filter>头文件</Filter>
    </ClInclude>
    <ClInclude Include="g3dLightWrapper.h">
      <Filter>头文件</Filter>
    </ClInclude>
    <ClInclude Include="g3dMatrix3.h">
      <Filter>头文件</Filter>
    </ClInclude>
    <ClInclude Include="g3dMesh.h">
      <Filter>头文件</Filter>
    </ClInclude>
    <ClInclude Include="g3dModel.h">
      <Filter>头文件</Filter>
    </ClInclude>
    <ClInclude Include="g3dQuaternion.h">
      <Filter>头文件</Filter>
    </ClInclude>
    <ClInclude Include="g3dRenderSystem.h">
      <Filter>头文件</Filter>
    </ClInclude>
    <ClInclude Include="g3dRenderWindow.h">
      <Filter>头文件</Filter>
    </ClInclude>
    <ClInclude Include="g3dSceneManager.h">
      <Filter>头文件</Filter>
    </ClInclude>
    <ClInclude Include="g3dSceneNode.h">
      <Filter>头文件</Filter>
    </ClInclude>
    <ClInclude Include="g3dSubMesh.h">
      <Filter>头文件</Filter>
    </ClInclude>
    <ClInclude Include="g3dVector3.h">
      <Filter>头文件</Filter>
    </ClInclude>
    <ClInclude Include="g3dViewport.h">
      <Filter>头文件</Filter>
    </ClInclude>
    <ClInclude Include="GL.H">
      <Filter>头文件</Filter>
    </ClInclude>
    <ClInclude Include="GLEXT.H">
      <Filter>头文件</Filter>
    </ClInclude>
    <ClInclude Include="GLU.H">
      <Filter>头文件</Filter>
    </ClInclude>
    <ClInclude Include="GLUT.H">
      <Filter>头文件</Filter>
    </ClInclude>
    <ClInclude Include="WGLEXT.H">
      <Filter>头文件</Filter>
    </ClInclude>
  </ItemGroup>
  <ItemGroup>
    <None Include="DS14_3D.cfg">
      <Filter>资源文件</Filter>
    </None>
    <None Include="ReplayFileName.txt">
      <Filter>资源文件</Filter>
    </None>
    <None Include="example.rep">
      <Filter>资源文件</Filter>
    </None>
    <None Include="FACE.3DS">
      <Filter>资源文件</Filter>
    </None>
    <None Include="FACE.BMP">
      <Filter>资源文件</Filter>
    </None>
  </ItemGroup>
</Project>